
Microsoft Visual Studio Solution File, Format Version 12.00
# Visual Studio Version 17
VisualStudioVersion = 17.1.32210.238
MinimumVisualStudioVersion = 10.0.40219.1
Project("{FAE04EC0-301F-11D3-BF4B-00C04F79EFBC}") = "leap year", "leap year\leap year.csproj", "{32F4C9C3-B5DE-4621-B163-7533EC3EC213}"
EndProject
Global
	GlobalSection(SolutionConfigurationPlatforms) = preSolution
		Debug|Any CPU = Debug|Any CPU
		Release|Any CPU = Release|Any CPU
	EndGlobalSection
	GlobalSection(ProjectConfigurationPlatforms) = postSolution
		{32F4C9C3-B5DE-4621-B163-7533EC3EC213}.Debug|Any CPU.ActiveCfg = Debug|Any CPU
		{32F4C9C3-B5DE-4621-B163-7533EC3EC213}.Debug|Any CPU.Build.0 = Debug|Any CPU
		{32F4C9C3-B5DE-4621-B163-7533EC3EC213}.Release|Any CPU.ActiveCfg = Release|Any CPU
		{32F4C9C3-B5DE-4621-B163-7533EC3EC213}.Release|Any CPU.Build.0 = Release|Any CPU
	EndGlobalSection
	GlobalSection(SolutionProperties) = preSolution
		HideSolutionNode = FALSE
	EndGlobalSection
	GlobalSection(ExtensibilityGlobals) = postSolution
		SolutionGuid = {CE72EDAC-2F88-4D07-A2A6-A26B53CD3994}
	EndGlobalSection
EndGlobal
